{
	"name": "translation",
	"version": "2.2.1",
	"lockfileVersion": 1,
	"requires": true,
	"dependencies": {
		"@types/blueimp-md5": {
			"version": "2.7.0",
			"resolved": "https://registry.npmjs.org/@types/blueimp-md5/-/blueimp-md5-2.7.0.tgz",
			"integrity": "sha1-QEIigGgAR4yieC6K1GWQq6fxRic="
		},
		"@types/node": {
			"version": "12.12.47",
			"resolved": "https://registry.npmjs.org/@types/node/-/node-12.12.47.tgz",
			"integrity": "sha512-yzBInQFhdY8kaZmqoL2+3U5dSTMrKaYcb561VU+lDzAYvqt+2lojvBEy+hmpSNuXnPTx7m9+04CzWYOUqWME2A=="
		},
		"blueimp-md5": {
			"version": "2.16.0",
			"resolved": "https://registry.npmjs.org/blueimp-md5/-/blueimp-md5-2.16.0.tgz",
			"integrity": "sha512-j4nzWIqEFpLSbdhUApHRGDwfXbV8ALhqOn+FY5L6XBdKPAXU9BpGgFSbDsgqogfqPPR9R2WooseWCsfhfEC6uQ=="
		},
		"chinese-to-pinyin": {
			"version": "1.3.1",
			"resolved": "https://registry.npmjs.org/chinese-to-pinyin/-/chinese-to-pinyin-1.3.1.tgz",
			"integrity": "sha512-QGB9HmbMLh726Aj3QKB5NcjKDgKn5NCLMz8rmPfKuU5FgwmF4NT2ULh5/2G6Z0pWBcagtKBS08ymaJcYSvbbQg=="
		},
		"translation.js": {
			"version": "0.7.15",
			"resolved": "https://registry.npmjs.org/translation.js/-/translation.js-0.7.15.tgz",
			"integrity": "sha512-TFgTbvbUY73JXIir3A/MUBDkdlstYOIF3PzpzsC8T5FZVCWrRHtdLeICN0G//GblX3vKCg3cSdCnTovq1/utxw==",
			"requires": {
				"@types/blueimp-md5": "^2.7.0",
				"@types/node": "^12.7.12",
				"blueimp-md5": "^2.10.0",
				"tslib": "^1.9.3"
			}
		},
		"tslib": {
			"version": "1.13.0",
			"resolved": "https://registry.npmjs.org/tslib/-/tslib-1.13.0.tgz",
			"integrity": "sha512-i/6DQjL8Xf3be4K/E6Wgpekn5Qasl1usyw++dAA35Ue5orEn65VIxOA+YvNNl9HV3qv70T7CNwjODHZrLwvd1Q=="
		}
	}
}
