{
	"name": "translation",
	"version": "1.0.1",
	"lockfileVersion": 1,
	"requires": true,
	"dependencies": {
		"@types/blueimp-md5": {
			"version": "2.7.0",
			"resolved": "https://registry.npmjs.org/@types/blueimp-md5/-/blueimp-md5-2.7.0.tgz",
			"integrity": "sha1-QEIigGgAR4yieC6K1GWQq6fxRic="
		},
		"@types/node": {
			"version": "12.12.38",
			"resolved": "https://registry.npmjs.org/@types/node/-/node-12.12.38.tgz",
			"integrity": "sha512-75eLjX0pFuTcUXnnWmALMzzkYorjND0ezNEycaKesbUBg9eGZp4GHPuDmkRc4mQQvIpe29zrzATNRA6hkYqwmA=="
		},
		"blueimp-md5": {
			"version": "2.15.0",
			"resolved": "https://registry.npmjs.org/blueimp-md5/-/blueimp-md5-2.15.0.tgz",
			"integrity": "sha512-Zc6sowqlCWu3+V0bocZwdaPPXlRv14EHtYcQDCOghj9EdyKLMkAOODBh3HHAx5r7QRylDYCOaXa/b/edgBLDpA=="
		},
		"chinese-to-pinyin": {
			"version": "1.3.1",
			"resolved": "https://registry.npmjs.org/chinese-to-pinyin/-/chinese-to-pinyin-1.3.1.tgz",
			"integrity": "sha512-QGB9HmbMLh726Aj3QKB5NcjKDgKn5NCLMz8rmPfKuU5FgwmF4NT2ULh5/2G6Z0pWBcagtKBS08ymaJcYSvbbQg=="
		},
		"translation.js": {
			"version": "0.7.13",
			"resolved": "https://registry.npmjs.org/translation.js/-/translation.js-0.7.13.tgz",
			"integrity": "sha512-yrRDjU6uZrOEPHD2GkGNbQ5v3pp3hymQY1n/JXsp6VNTV8kmeL0QGIN8eP60Rka3y96ikmq5Q/fTPBSQPGDMdA==",
			"requires": {
				"@types/blueimp-md5": "^2.7.0",
				"@types/node": "^12.7.12",
				"blueimp-md5": "^2.10.0",
				"tslib": "^1.9.3"
			}
		},
		"tslib": {
			"version": "1.11.2",
			"resolved": "https://registry.npmjs.org/tslib/-/tslib-1.11.2.tgz",
			"integrity": "sha512-tTSkux6IGPnUGUd1XAZHcpu85MOkIl5zX49pO+jfsie3eP0B6pyhOlLXm3cAC6T7s+euSDDUUV+Acop5WmtkVg=="
		}
	}
}
